// !$*UTF8*$!
{
	archiveVersion = 1;
	classes = {
	};
	objectVersion = 46;
	objects = {

/* Begin PBXBuildFile section */
		643502B61F04F70000E36466 /* main.m in Sources */ = {isa = PBXBuildFile; fileRef = 643502B51F04F70000E36466 /* main.m */; };
		643502B91F04F70000E36466 /* AppDelegate.m in Sources */ = {isa = PBXBuildFile; fileRef = 643502B81F04F70000E36466 /* AppDelegate.m */; };
		643502BF1F04F70000E36466 /* Main.storyboard in Resources */ = {isa = PBXBuildFile; fileRef = 643502BD1F04F70000E36466 /* Main.storyboard */; };
		643502C11F04F70000E36466 /* Assets.xcassets in Resources */ = {isa = PBXBuildFile; fileRef = 643502C01F04F70000E36466 /* Assets.xcassets */; };
		643502C41F04F70000E36466 /* LaunchScreen.storyboard in Resources */ = {isa = PBXBuildFile; fileRef = 643502C21F04F70000E36466 /* LaunchScreen.storyboard */; };
		643502CE1F04F76000E36466 /* HomeTableViewController.m in Sources */ = {isa = PBXBuildFile; fileRef = 643502CD1F04F76000E36466 /* HomeTableViewController.m */; };
		643502D21F050D2800E36466 /* TouchLayerViewController.m in Sources */ = {isa = PBXBuildFile; fileRef = 643502D01F050D2800E36466 /* TouchLayerViewController.m */; };
		643502D31F050D2800E36466 /* TouchLayerViewController.xib in Resources */ = {isa = PBXBuildFile; fileRef = 643502D11F050D2800E36466 /* TouchLayerViewController.xib */; };
		646998891F0CD05D00FAC2C9 /* CGPathRefViewController.m in Sources */ = {isa = PBXBuildFile; fileRef = 646998871F0CD05D00FAC2C9 /* CGPathRefViewController.m */; };
		6469988A1F0CD05D00FAC2C9 /* CGPathRefViewController.xib in Resources */ = {isa = PBXBuildFile; fileRef = 646998881F0CD05D00FAC2C9 /* CGPathRefViewController.xib */; };
		6469988E1F0CD48900FAC2C9 /* MaskViewController.m in Sources */ = {isa = PBXBuildFile; fileRef = 6469988C1F0CD48900FAC2C9 /* MaskViewController.m */; };
		6469988F1F0CD48900FAC2C9 /* MaskViewController.xib in Resources */ = {isa = PBXBuildFile; fileRef = 6469988D1F0CD48900FAC2C9 /* MaskViewController.xib */; };
		646998931F0CE08900FAC2C9 /* FilterViewController.m in Sources */ = {isa = PBXBuildFile; fileRef = 646998911F0CE08900FAC2C9 /* FilterViewController.m */; };
		646998941F0CE08900FAC2C9 /* FilterViewController.xib in Resources */ = {isa = PBXBuildFile; fileRef = 646998921F0CE08900FAC2C9 /* FilterViewController.xib */; };
/* End PBXBuildFile section */

/* Begin PBXFileReference section */
		643502B11F04F70000E36466 /* FlyBird.app */ = {isa = PBXFileReference; explicitFileType = wrapper.application; includeInIndex = 0; path = FlyBird.app; sourceTree = BUILT_PRODUCTS_DIR; };
		643502B51F04F70000E36466 /* main.m */ = {isa = PBXFileReference; lastKnownFileType = sourcecode.c.objc; path = main.m; sourceTree = "<group>"; };
		643502B71F04F70000E36466 /* AppDelegate.h */ = {isa = PBXFileReference; lastKnownFileType = sourcecode.c.h; path = AppDelegate.h; sourceTree = "<group>"; };
		643502B81F04F70000E36466 /* AppDelegate.m */ = {isa = PBXFileReference; lastKnownFileType = sourcecode.c.objc; path = AppDelegate.m; sourceTree = "<group>"; };
		643502BE1F04F70000E36466 /* Base */ = {isa = PBXFileReference; lastKnownFileType = file.storyboard; name = Base; path = Base.lproj/Main.storyboard; sourceTree = "<group>"; };
		643502C01F04F70000E36466 /* Assets.xcassets */ = {isa = PBXFileReference; lastKnownFileType = folder.assetcatalog; path = Assets.xcassets; sourceTree = "<group>"; };
		643502C31F04F70000E36466 /* Base */ = {isa = PBXFileReference; lastKnownFileType = file.storyboard; name = Base; path = Base.lproj/LaunchScreen.storyboard; sourceTree = "<group>"; };
		643502C51F04F70000E36466 /* Info.plist */ = {isa = PBXFileReference; lastKnownFileType = text.plist.xml; path = Info.plist; sourceTree = "<group>"; };
		643502CC1F04F76000E36466 /* HomeTableViewController.h */ = {isa = PBXFileReference; fileEncoding = 4; lastKnownFileType = sourcecode.c.h; path = HomeTableViewController.h; sourceTree = "<group>"; };
		643502CD1F04F76000E36466 /* HomeTableViewController.m */ = {isa = PBXFileReference; fileEncoding = 4; lastKnownFileType = sourcecode.c.objc; path = HomeTableViewController.m; sourceTree = "<group>"; };
		643502CF1F050D2800E36466 /* TouchLayerViewController.h */ = {isa = PBXFileReference; fileEncoding = 4; lastKnownFileType = sourcecode.c.h; path = TouchLayerViewController.h; sourceTree = "<group>"; };
		643502D01F050D2800E36466 /* TouchLayerViewController.m */ = {isa = PBXFileReference; fileEncoding = 4; lastKnownFileType = sourcecode.c.objc; path = TouchLayerViewController.m; sourceTree = "<group>"; };
		643502D11F050D2800E36466 /* TouchLayerViewController.xib */ = {isa = PBXFileReference; fileEncoding = 4; lastKnownFileType = file.xib; path = TouchLayerViewController.xib; sourceTree = "<group>"; };
		646998861F0CD05D00FAC2C9 /* CGPathRefViewController.h */ = {isa = PBXFileReference; fileEncoding = 4; lastKnownFileType = sourcecode.c.h; path = CGPathRefViewController.h; sourceTree = "<group>"; };
		646998871F0CD05D00FAC2C9 /* CGPathRefViewController.m */ = {isa = PBXFileReference; fileEncoding = 4; lastKnownFileType = sourcecode.c.objc; path = CGPathRefViewController.m; sourceTree = "<group>"; };
		646998881F0CD05D00FAC2C9 /* CGPathRefViewController.xib */ = {isa = PBXFileReference; fileEncoding = 4; lastKnownFileType = file.xib; path = CGPathRefViewController.xib; sourceTree = "<group>"; };
		6469988B1F0CD48900FAC2C9 /* MaskViewController.h */ = {isa = PBXFileReference; fileEncoding = 4; lastKnownFileType = sourcecode.c.h; path = MaskViewController.h; sourceTree = "<group>"; };
		6469988C1F0CD48900FAC2C9 /* MaskViewController.m */ = {isa = PBXFileReference; fileEncoding = 4; lastKnownFileType = sourcecode.c.objc; path = MaskViewController.m; sourceTree = "<group>"; };
		6469988D1F0CD48900FAC2C9 /* MaskViewController.xib */ = {isa = PBXFileReference; fileEncoding = 4; lastKnownFileType = file.xib; path = MaskViewController.xib; sourceTree = "<group>"; };
		646998901F0CE08900FAC2C9 /* FilterViewController.h */ = {isa = PBXFileReference; fileEncoding = 4; lastKnownFileType = sourcecode.c.h; path = FilterViewController.h; sourceTree = "<group>"; };
		646998911F0CE08900FAC2C9 /* FilterViewController.m */ = {isa = PBXFileReference; fileEncoding = 4; lastKnownFileType = sourcecode.c.objc; path = FilterViewController.m; sourceTree = "<group>"; };
		646998921F0CE08900FAC2C9 /* FilterViewController.xib */ = {isa = PBXFileReference; fileEncoding = 4; lastKnownFileType = file.xib; path = FilterViewController.xib; sourceTree = "<group>"; };
/* End PBXFileReference section */

/* Begin PBXFrameworksBuildPhase section */
		643502AE1F04F70000E36466 /* Frameworks */ = {
			isa = PBXFrameworksBuildPhase;
			buildActionMask = 2147483647;
			files = (
			);
			runOnlyForDeploymentPostprocessing = 0;
		};
/* End PBXFrameworksBuildPhase section */

/* Begin PBXGroup section */
		643502A81F04F70000E36466 = {
			isa = PBXGroup;
			children = (
				643502B31F04F70000E36466 /* FlyBird */,
				643502B21F04F70000E36466 /* Products */,
			);
			sourceTree = "<group>";
		};
		643502B21F04F70000E36466 /* Products */ = {
			isa = PBXGroup;
			children = (
				643502B11F04F70000E36466 /* FlyBird.app */,
			);
			name = Products;
			sourceTree = "<group>";
		};
		643502B31F04F70000E36466 /* FlyBird */ = {
			isa = PBXGroup;
			children = (
				643502CB1F04F72200E36466 /* Classes */,
				643502B71F04F70000E36466 /* AppDelegate.h */,
				643502B81F04F70000E36466 /* AppDelegate.m */,
				643502BD1F04F70000E36466 /* Main.storyboard */,
				643502C01F04F70000E36466 /* Assets.xcassets */,
				643502C21F04F70000E36466 /* LaunchScreen.storyboard */,
				643502C51F04F70000E36466 /* Info.plist */,
				643502B41F04F70000E36466 /* Supporting Files */,
			);
			path = FlyBird;
			sourceTree = "<group>";
		};
		643502B41F04F70000E36466 /* Supporting Files */ = {
			isa = PBXGroup;
			children = (
				643502B51F04F70000E36466 /* main.m */,
			);
			name = "Supporting Files";
			sourceTree = "<group>";
		};
		643502CB1F04F72200E36466 /* Classes */ = {
			isa = PBXGroup;
			children = (
				643502CC1F04F76000E36466 /* HomeTableViewController.h */,
				643502CD1F04F76000E36466 /* HomeTableViewController.m */,
				643502CF1F050D2800E36466 /* TouchLayerViewController.h */,
				643502D01F050D2800E36466 /* TouchLayerViewController.m */,
				643502D11F050D2800E36466 /* TouchLayerViewController.xib */,
				646998861F0CD05D00FAC2C9 /* CGPathRefViewController.h */,
				646998871F0CD05D00FAC2C9 /* CGPathRefViewController.m */,
				646998881F0CD05D00FAC2C9 /* CGPathRefViewController.xib */,
				6469988B1F0CD48900FAC2C9 /* MaskViewController.h */,
				6469988C1F0CD48900FAC2C9 /* MaskViewController.m */,
				6469988D1F0CD48900FAC2C9 /* MaskViewController.xib */,
				646998901F0CE08900FAC2C9 /* FilterViewController.h */,
				646998911F0CE08900FAC2C9 /* FilterViewController.m */,
				646998921F0CE08900FAC2C9 /* FilterViewController.xib */,
			);
			name = Classes;
			sourceTree = "<group>";
		};
/* End PBXGroup section */

/* Begin PBXNativeTarget section */
		643502B01F04F70000E36466 /* FlyBird */ = {
			isa = PBXNativeTarget;
			buildConfigurationList = 643502C81F04F70000E36466 /* Build configuration list for PBXNativeTarget "FlyBird" */;
			buildPhases = (
				643502AD1F04F70000E36466 /* Sources */,
				643502AE1F04F70000E36466 /* Frameworks */,
				643502AF1F04F70000E36466 /* Resources */,
			);
			buildRules = (
			);
			dependencies = (
			);
			name = FlyBird;
			productName = FlyBird;
			productReference = 643502B11F04F70000E36466 /* FlyBird.app */;
			productType = "com.apple.product-type.application";
		};
/* End PBXNativeTarget section */

/* Begin PBXProject section */
		643502A91F04F70000E36466 /* Project object */ = {
			isa = PBXProject;
			attributes = {
				LastUpgradeCheck = 0830;
				ORGANIZATIONNAME = Mr.Pyy;
				TargetAttributes = {
					643502B01F04F70000E36466 = {
						CreatedOnToolsVersion = 8.3.2;
						DevelopmentTeam = P89EA5NSQ3;
						ProvisioningStyle = Automatic;
					};
				};
			};
			buildConfigurationList = 643502AC1F04F70000E36466 /* Build configuration list for PBXProject "FlyBird" */;
			compatibilityVersion = "Xcode 3.2";
			developmentRegion = English;
			hasScannedForEncodings = 0;
			knownRegions = (
				en,
				Base,
			);
			mainGroup = 643502A81F04F70000E36466;
			productRefGroup = 643502B21F04F70000E36466 /* Products */;
			projectDirPath = "";
			projectRoot = "";
			targets = (
				643502B01F04F70000E36466 /* FlyBird */,
			);
		};
/* End PBXProject section */

/* Begin PBXResourcesBuildPhase section */
		643502AF1F04F70000E36466 /* Resources */ = {
			isa = PBXResourcesBuildPhase;
			buildActionMask = 2147483647;
			files = (
				646998941F0CE08900FAC2C9 /* FilterViewController.xib in Resources */,
				6469988F1F0CD48900FAC2C9 /* MaskViewController.xib in Resources */,
				643502D31F050D2800E36466 /* TouchLayerViewController.xib in Resources */,
				643502C41F04F70000E36466 /* LaunchScreen.storyboard in Resources */,
				643502C11F04F70000E36466 /* Assets.xcassets in Resources */,
				6469988A1F0CD05D00FAC2C9 /* CGPathRefViewController.xib in Resources */,
				643502BF1F04F70000E36466 /* Main.storyboard in Resources */,
			);
			runOnlyForDeploymentPostprocessing = 0;
		};
/* End PBXResourcesBuildPhase section */

/* Begin PBXSourcesBuildPhase section */
		643502AD1F04F70000E36466 /* Sources */ = {
			isa = PBXSourcesBuildPhase;
			buildActionMask = 2147483647;
			files = (
				6469988E1F0CD48900FAC2C9 /* MaskViewController.m in Sources */,
				643502D21F050D2800E36466 /* TouchLayerViewController.m in Sources */,
				643502B91F04F70000E36466 /* AppDelegate.m in Sources */,
				643502CE1F04F76000E36466 /* HomeTableViewController.m in Sources */,
				646998931F0CE08900FAC2C9 /* FilterViewController.m in Sources */,
				646998891F0CD05D00FAC2C9 /* CGPathRefViewController.m in Sources */,
				643502B61F04F70000E36466 /* main.m in Sources */,
			);
			runOnlyForDeploymentPostprocessing = 0;
		};
/* End PBXSourcesBuildPhase section */

/* Begin PBXVariantGroup section */
		643502BD1F04F70000E36466 /* Main.storyboard */ = {
			isa = PBXVariantGroup;
			children = (
				643502BE1F04F70000E36466 /* Base */,
			);
			name = Main.storyboard;
			sourceTree = "<group>";
		};
		643502C21F04F70000E36466 /* LaunchScreen.storyboard */ = {
			isa = PBXVariantGroup;
			children = (
				643502C31F04F70000E36466 /* Base */,
			);
			name = LaunchScreen.storyboard;
			sourceTree = "<group>";
		};
/* End PBXVariantGroup section */

/* Begin XCBuildConfiguration section */
		643502C61F04F70000E36466 /* Debug */ = {
			isa = XCBuildConfiguration;
			buildSettings = {
				ALWAYS_SEARCH_USER_PATHS = NO;
				CLANG_ANALYZER_NONNULL = YES;
				CLANG_ANALYZER_NUMBER_OBJECT_CONVERSION = YES_AGGRESSIVE;
				CLANG_CXX_LANGUAGE_STANDARD = "gnu++0x";
				CLANG_CXX_LIBRARY = "libc++";
				CLANG_ENABLE_MODULES = YES;
				CLANG_ENABLE_OBJC_ARC = YES;
				CLANG_WARN_BOOL_CONVERSION = YES;
				CLANG_WARN_CONSTANT_CONVERSION = YES;
				CLANG_WARN_DIRECT_OBJC_ISA_USAGE = YES_ERROR;
				CLANG_WARN_DOCUMENTATION_COMMENTS = YES;
				CLANG_WARN_EMPTY_BODY = YES;
				CLANG_WARN_ENUM_CONVERSION = YES;
				CLANG_WARN_INFINITE_RECURSION = YES;
				CLANG_WARN_INT_CONVERSION = YES;
				CLANG_WARN_OBJC_ROOT_CLASS = YES_ERROR;
				CLANG_WARN_SUSPICIOUS_MOVE = YES;
				CLANG_WARN_UNREACHABLE_CODE = YES;
				CLANG_WARN__DUPLICATE_METHOD_MATCH = YES;
				"CODE_SIGN_IDENTITY[sdk=iphoneos*]" = "iPhone Developer";
				COPY_PHASE_STRIP = NO;
				DEBUG_INFORMATION_FORMAT = dwarf;
				ENABLE_STRICT_OBJC_MSGSEND = YES;
				ENABLE_TESTABILITY = YES;
				GCC_C_LANGUAGE_STANDARD = gnu99;
				GCC_DYNAMIC_NO_PIC = NO;
				GCC_NO_COMMON_BLOCKS = YES;
				GCC_OPTIMIZATION_LEVEL = 0;
				GCC_PREPROCESSOR_DEFINITIONS = (
					"DEBUG=1",
					"$(inherited)",
				);
				GCC_WARN_64_TO_32_BIT_CONVERSION = YES;
				GCC_WARN_ABOUT_RETURN_TYPE = YES_ERROR;
				GCC_WARN_UNDECLARED_SELECTOR = YES;
				GCC_WARN_UNINITIALIZED_AUTOS = YES_AGGRESSIVE;
				GCC_WARN_UNUSED_FUNCTION = YES;
				GCC_WARN_UNUSED_VARIABLE = YES;
				IPHONEOS_DEPLOYMENT_TARGET = 10.3;
				MTL_ENABLE_DEBUG_INFO = YES;
				ONLY_ACTIVE_ARCH = YES;
				SDKROOT = iphoneos;
			};
			name = Debug;
		};
		643502C71F04F70000E36466 /* Release */ = {
			isa = XCBuildConfiguration;
			buildSettings = {
				ALWAYS_SEARCH_USER_PATHS = NO;
				CLANG_ANALYZER_NONNULL = YES;
				CLANG_ANALYZER_NUMBER_OBJECT_CONVERSION = YES_AGGRESSIVE;
				CLANG_CXX_LANGUAGE_STANDARD = "gnu++0x";
				CLANG_CXX_LIBRARY = "libc++";
				CLANG_ENABLE_MODULES = YES;
				CLANG_ENABLE_OBJC_ARC = YES;
				CLANG_WARN_BOOL_CONVERSION = YES;
				CLANG_WARN_CONSTANT_CONVERSION = YES;
				CLANG_WARN_DIRECT_OBJC_ISA_USAGE = YES_ERROR;
				CLANG_WARN_DOCUMENTATION_COMMENTS = YES;
				CLANG_WARN_EMPTY_BODY = YES;
				CLANG_WARN_ENUM_CONVERSION = YES;
				CLANG_WARN_INFINITE_RECURSION = YES;
				CLANG_WARN_INT_CONVERSION = YES;
				CLANG_WARN_OBJC_ROOT_CLASS = YES_ERROR;
				CLANG_WARN_SUSPICIOUS_MOVE = YES;
				CLANG_WARN_UNREACHABLE_CODE = YES;
				CLANG_WARN__DUPLICATE_METHOD_MATCH = YES;
				"CODE_SIGN_IDENTITY[sdk=iphoneos*]" = "iPhone Developer";
				COPY_PHASE_STRIP = NO;
				DEBUG_INFORMATION_FORMAT = "dwarf-with-dsym";
				ENABLE_NS_ASSERTIONS = NO;
				ENABLE_STRICT_OBJC_MSGSEND = YES;
				GCC_C_LANGUAGE_STANDARD = gnu99;
				GCC_NO_COMMON_BLOCKS = YES;
				GCC_WARN_64_TO_32_BIT_CONVERSION = YES;
				GCC_WARN_ABOUT_RETURN_TYPE = YES_ERROR;
				GCC_WARN_UNDECLARED_SELECTOR = YES;
				GCC_WARN_UNINITIALIZED_AUTOS = YES_AGGRESSIVE;
				GCC_WARN_UNUSED_FUNCTION = YES;
				GCC_WARN_UNUSED_VARIABLE = YES;
				IPHONEOS_DEPLOYMENT_TARGET = 10.3;
				MTL_ENABLE_DEBUG_INFO = NO;
				SDKROOT = iphoneos;
				VALIDATE_PRODUCT = YES;
			};
			name = Release;
		};
		643502C91F04F70000E36466 /* Debug */ = {
			isa = XCBuildConfiguration;
			buildSettings = {
				ASSETCATALOG_COMPILER_APPICON_NAME = AppIcon;
				DEVELOPMENT_TEAM = P89EA5NSQ3;
				INFOPLIST_FILE = FlyBird/Info.plist;
				IPHONEOS_DEPLOYMENT_TARGET = 8.0;
				LD_RUNPATH_SEARCH_PATHS = "$(inherited) @executable_path/Frameworks";
				PRODUCT_BUNDLE_IDENTIFIER = com.wenwo.FlyBird;
				PRODUCT_NAME = "$(TARGET_NAME)";
			};
			name = Debug;
		};
		643502CA1F04F70000E36466 /* Release */ = {
			isa = XCBuildConfiguration;
			buildSettings = {
				ASSETCATALOG_COMPILER_APPICON_NAME = AppIcon;
				DEVELOPMENT_TEAM = P89EA5NSQ3;
				INFOPLIST_FILE = FlyBird/Info.plist;
				IPHONEOS_DEPLOYMENT_TARGET = 8.0;
				LD_RUNPATH_SEARCH_PATHS = "$(inherited) @executable_path/Frameworks";
				PRODUCT_BUNDLE_IDENTIFIER = com.wenwo.FlyBird;
				PRODUCT_NAME = "$(TARGET_NAME)";
			};
			name = Release;
		};
/* End XCBuildConfiguration section */

/* Begin XCConfigurationList section */
		643502AC1F04F70000E36466 /* Build configuration list for PBXProject "FlyBird" */ = {
			isa = XCConfigurationList;
			buildConfigurations = (
				643502C61F04F70000E36466 /* Debug */,
				643502C71F04F70000E36466 /* Release */,
			);
			defaultConfigurationIsVisible = 0;
			defaultConfigurationName = Release;
		};
		643502C81F04F70000E36466 /* Build configuration list for PBXNativeTarget "FlyBird" */ = {
			isa = XCConfigurationList;
			buildConfigurations = (
				643502C91F04F70000E36466 /* Debug */,
				643502CA1F04F70000E36466 /* Release */,
			);
			defaultConfigurationIsVisible = 0;
			defaultConfigurationName = Release;
		};
/* End XCConfigurationList section */
	};
	rootObject = 643502A91F04F70000E36466 /* Project object */;
}
